
Microsoft Visual Studio Solution File, Format Version 12.00
# Visual Studio 15
VisualStudioVersion = 15.0.27130.0
MinimumVisualStudioVersion = 10.0.40219.1
Project("{8BC9CEB8-8B4A-11D0-8D11-00A0C91BC942}") = "StartupVolumeReset", "StartupVolumeReset\StartupVolumeReset.vcxproj", "{A0CDA1F6-E8B9-47FF-B4F1-463C3F5B1ECF}"
EndProject
Global
	GlobalSection(SolutionConfigurationPlatforms) = preSolution
		Debug|x64 = Debug|x64
		Debug|x86 = Debug|x86
		Release|x64 = Release|x64
		Release|x86 = Release|x86
	EndGlobalSection
	GlobalSection(ProjectConfigurationPlatforms) = postSolution
		{A0CDA1F6-E8B9-47FF-B4F1-463C3F5B1ECF}.Debug|x64.ActiveCfg = Debug|x64
		{A0CDA1F6-E8B9-47FF-B4F1-463C3F5B1ECF}.Debug|x64.Build.0 = Debug|x64
		{A0CDA1F6-E8B9-47FF-B4F1-463C3F5B1ECF}.Debug|x86.ActiveCfg = Debug|Win32
		{A0CDA1F6-E8B9-47FF-B4F1-463C3F5B1ECF}.Debug|x86.Build.0 = Debug|Win32
		{A0CDA1F6-E8B9-47FF-B4F1-463C3F5B1ECF}.Release|x64.ActiveCfg = Release|x64
		{A0CDA1F6-E8B9-47FF-B4F1-463C3F5B1ECF}.Release|x64.Build.0 = Release|x64
		{A0CDA1F6-E8B9-47FF-B4F1-463C3F5B1ECF}.Release|x86.ActiveCfg = Release|Win32
		{A0CDA1F6-E8B9-47FF-B4F1-463C3F5B1ECF}.Release|x86.Build.0 = Release|Win32
	EndGlobalSection
	GlobalSection(SolutionProperties) = preSolution
		HideSolutionNode = FALSE
	EndGlobalSection
	GlobalSection(ExtensibilityGlobals) = postSolution
		SolutionGuid = {E39EE0D6-AF1E-4E7D-9705-0A6D4E2E971C}
	EndGlobalSection
EndGlobal
